
Microsoft Visual Studio Solution File, Format Version 12.00
# Visual Studio Version 17
VisualStudioVersion = 17.9.34622.214
MinimumVisualStudioVersion = 10.0.40219.1
Project("{F184B08F-C81C-45F6-A57F-5ABD9991F28F}") = "WinFormsApp4", "WinFormsApp4\WinFormsApp4.vbproj", "{682779F8-87B2-4147-B090-5B48DDDC099A}"
EndProject
Global
	GlobalSection(SolutionConfigurationPlatforms) = preSolution
		Debug|Any CPU = Debug|Any CPU
		Release|Any CPU = Release|Any CPU
	EndGlobalSection
	GlobalSection(ProjectConfigurationPlatforms) = postSolution
		{682779F8-87B2-4147-B090-5B48DDDC099A}.Debug|Any CPU.ActiveCfg = Debug|Any CPU
		{682779F8-87B2-4147-B090-5B48DDDC099A}.Debug|Any CPU.Build.0 = Debug|Any CPU
		{682779F8-87B2-4147-B090-5B48DDDC099A}.Release|Any CPU.ActiveCfg = Release|Any CPU
		{682779F8-87B2-4147-B090-5B48DDDC099A}.Release|Any CPU.Build.0 = Release|Any CPU
	EndGlobalSection
	GlobalSection(SolutionProperties) = preSolution
		HideSolutionNode = FALSE
	EndGlobalSection
	GlobalSection(ExtensibilityGlobals) = postSolution
		SolutionGuid = {777BABB2-1639-4114-8C06-D51055BE135B}
	EndGlobalSection
EndGlobal
